
Microsoft Visual Studio Solution File, Format Version 12.00
# Visual Studio Version 18
VisualStudioVersion = 18.1.11312.151 d18.0
MinimumVisualStudioVersion = 10.0.40219.1
Project("{FAE04EC0-301F-11D3-BF4B-00C04F79EFBC}") = "Journal", "Journal\Journal.csproj", "{BADBE563-4990-4626-A36F-795C5BB016AD}"
EndProject
Global
	GlobalSection(SolutionConfigurationPlatforms) = preSolution
		Debug|Any CPU = Debug|Any CPU
		Debug|x64 = Debug|x64
		Release|Any CPU = Release|Any CPU
		Release|x64 = Release|x64
	EndGlobalSection
	GlobalSection(ProjectConfigurationPlatforms) = postSolution
		{BADBE563-4990-4626-A36F-795C5BB016AD}.Debug|Any CPU.ActiveCfg = Debug|Any CPU
		{BADBE563-4990-4626-A36F-795C5BB016AD}.Debug|Any CPU.Build.0 = Debug|Any CPU
		{BADBE563-4990-4626-A36F-795C5BB016AD}.Debug|Any CPU.Deploy.0 = Debug|Any CPU
		{BADBE563-4990-4626-A36F-795C5BB016AD}.Debug|x64.ActiveCfg = Debug|x64
		{BADBE563-4990-4626-A36F-795C5BB016AD}.Debug|x64.Build.0 = Debug|x64
		{BADBE563-4990-4626-A36F-795C5BB016AD}.Debug|x64.Deploy.0 = Debug|x64
		{BADBE563-4990-4626-A36F-795C5BB016AD}.Release|Any CPU.ActiveCfg = Release|Any CPU
		{BADBE563-4990-4626-A36F-795C5BB016AD}.Release|Any CPU.Build.0 = Release|Any CPU
		{BADBE563-4990-4626-A36F-795C5BB016AD}.Release|x64.ActiveCfg = Release|x64
		{BADBE563-4990-4626-A36F-795C5BB016AD}.Release|x64.Build.0 = Release|x64
		{BADBE563-4990-4626-A36F-795C5BB016AD}.Release|x64.Deploy.0 = Release|x64
	EndGlobalSection
	GlobalSection(SolutionProperties) = preSolution
		HideSolutionNode = FALSE
	EndGlobalSection
	GlobalSection(ExtensibilityGlobals) = postSolution
		SolutionGuid = {68F02145-1F54-42E4-BBA1-79C386EAD539}
	EndGlobalSection
EndGlobal
